
Microsoft Visual Studio Solution File, Format Version 11.00
# Visual Studio 2010
Project("{FAE04EC0-301F-11D3-BF4B-00C04F79EFBC}") = "Zombie Runner", "Assembly-CSharp-firstpass.csproj", "{30B50F3C-A557-CC71-92D2-13826431A744}"
EndProject
Project("{FAE04EC0-301F-11D3-BF4B-00C04F79EFBC}") = "Zombie Runner", "Assembly-CSharp-Editor.csproj", "{CF3CB917-F5C6-1F73-B738-880F42A4C57D}"
EndProject
Global
	GlobalSection(SolutionConfigurationPlatforms) = preSolution
		Debug|Any CPU = Debug|Any CPU
		Release|Any CPU = Release|Any CPU
	EndGlobalSection
	GlobalSection(ProjectConfigurationPlatforms) = postSolution
		{30B50F3C-A557-CC71-92D2-13826431A744}.Debug|Any CPU.ActiveCfg = Debug|Any CPU
		{30B50F3C-A557-CC71-92D2-13826431A744}.Debug|Any CPU.Build.0 = Debug|Any CPU
		{30B50F3C-A557-CC71-92D2-13826431A744}.Release|Any CPU.ActiveCfg = Release|Any CPU
		{30B50F3C-A557-CC71-92D2-13826431A744}.Release|Any CPU.Build.0 = Release|Any CPU
		{CF3CB917-F5C6-1F73-B738-880F42A4C57D}.Debug|Any CPU.ActiveCfg = Debug|Any CPU
		{CF3CB917-F5C6-1F73-B738-880F42A4C57D}.Debug|Any CPU.Build.0 = Debug|Any CPU
		{CF3CB917-F5C6-1F73-B738-880F42A4C57D}.Release|Any CPU.ActiveCfg = Release|Any CPU
		{CF3CB917-F5C6-1F73-B738-880F42A4C57D}.Release|Any CPU.Build.0 = Release|Any CPU
	EndGlobalSection
	GlobalSection(SolutionProperties) = preSolution
		HideSolutionNode = FALSE
	EndGlobalSection
	GlobalSection(MonoDevelopProperties) = preSolution
		StartupItem = Assembly-CSharp.csproj
	EndGlobalSection
EndGlobal
